
Microsoft Visual Studio Solution File, Format Version 12.00
# Visual Studio 15
VisualStudioVersion = 15.0.28307.1585
MinimumVisualStudioVersion = 10.0.40219.1
Project("{8BC9CEB8-8B4A-11D0-8D11-00A0C91BC942}") = "CCInject", "CCInject\CCInject.vcxproj", "{489F7B01-5C7E-4BC1-BE39-BE8D2C0CC7E7}"
	ProjectSection(ProjectDependencies) = postProject
		{B1135B08-8BCB-4254-A3BF-274E41E49725} = {B1135B08-8BCB-4254-A3BF-274E41E49725}
	EndProjectSection
EndProject
Project("{8BC9CEB8-8B4A-11D0-8D11-00A0C91BC942}") = "CCHookReloaded", "CCHookReloaded\CCHookReloaded.vcxproj", "{B1135B08-8BCB-4254-A3BF-274E41E49725}"
EndProject
Global
	GlobalSection(SolutionConfigurationPlatforms) = preSolution
		Debug|x64 = Debug|x64
		Debug|x86 = Debug|x86
		Release|x64 = Release|x64
		Release|x86 = Release|x86
	EndGlobalSection
	GlobalSection(ProjectConfigurationPlatforms) = postSolution
		{B1135B08-8BCB-4254-A3BF-274E41E49725}.Debug|x64.ActiveCfg = Debug|x64
		{B1135B08-8BCB-4254-A3BF-274E41E49725}.Debug|x64.Build.0 = Debug|x64
		{B1135B08-8BCB-4254-A3BF-274E41E49725}.Debug|x86.ActiveCfg = Debug|Win32
		{B1135B08-8BCB-4254-A3BF-274E41E49725}.Debug|x86.Build.0 = Debug|Win32
		{B1135B08-8BCB-4254-A3BF-274E41E49725}.Release|x64.ActiveCfg = Release|x64
		{B1135B08-8BCB-4254-A3BF-274E41E49725}.Release|x64.Build.0 = Release|x64
		{B1135B08-8BCB-4254-A3BF-274E41E49725}.Release|x86.ActiveCfg = Release|Win32
		{B1135B08-8BCB-4254-A3BF-274E41E49725}.Release|x86.Build.0 = Release|Win32
		{489F7B01-5C7E-4BC1-BE39-BE8D2C0CC7E7}.Debug|x64.ActiveCfg = Debug|x64
		{489F7B01-5C7E-4BC1-BE39-BE8D2C0CC7E7}.Debug|x64.Build.0 = Debug|x64
		{489F7B01-5C7E-4BC1-BE39-BE8D2C0CC7E7}.Debug|x86.ActiveCfg = Debug|Win32
		{489F7B01-5C7E-4BC1-BE39-BE8D2C0CC7E7}.Debug|x86.Build.0 = Debug|Win32
		{489F7B01-5C7E-4BC1-BE39-BE8D2C0CC7E7}.Release|x64.ActiveCfg = Release|x64
		{489F7B01-5C7E-4BC1-BE39-BE8D2C0CC7E7}.Release|x64.Build.0 = Release|x64
		{489F7B01-5C7E-4BC1-BE39-BE8D2C0CC7E7}.Release|x86.ActiveCfg = Release|Win32
		{489F7B01-5C7E-4BC1-BE39-BE8D2C0CC7E7}.Release|x86.Build.0 = Release|Win32
	EndGlobalSection
	GlobalSection(SolutionProperties) = preSolution
		HideSolutionNode = FALSE
	EndGlobalSection
	GlobalSection(ExtensibilityGlobals) = postSolution
		SolutionGuid = {CBE0FAAC-A8AE-4F5A-AE9D-5BAC8D4784AF}
	EndGlobalSection
EndGlobal
